
Microsoft Visual Studio Solution File, Format Version 12.00
# Visual Studio 15
VisualStudioVersion = 15.0.27130.2010
MinimumVisualStudioVersion = 10.0.40219.1
Project("{FAE04EC0-301F-11D3-BF4B-00C04F79EFBC}") = "ManageTaskApp", "ManageTaskApp\ManageTaskApp.csproj", "{FC12EA7F-AAC8-48C1-9832-AF21CC278E90}"
EndProject
Project("{FAE04EC0-301F-11D3-BF4B-00C04F79EFBC}") = "ManageTaskApp.Common", "ManageTaskApp.Common\ManageTaskApp.Common.csproj", "{791A15E7-9FB5-4C81-960D-81131ABE0F5C}"
EndProject
Project("{FAE04EC0-301F-11D3-BF4B-00C04F79EFBC}") = "ManageTaskApp.DataAccess", "ManageTaskApp.DataAccess\ManageTaskApp.DataAccess.csproj", "{3CAD0837-B2F6-4434-9565-04339D11ECC8}"
EndProject
Project("{FAE04EC0-301F-11D3-BF4B-00C04F79EFBC}") = "ManageTaskApp.Services", "ManageTaskApp.Services\ManageTaskApp.Services.csproj", "{99D8E740-FA9F-4951-A36D-687120686ADB}"
EndProject
Project("{FAE04EC0-301F-11D3-BF4B-00C04F79EFBC}") = "ManageTaskApp.ViewModel", "ManageTaskApp.ViewModel\ManageTaskApp.ViewModel.csproj", "{CD6B9667-8E34-4BF0-A3A0-DF42B38FEE25}"
EndProject
Global
	GlobalSection(SolutionConfigurationPlatforms) = preSolution
		Debug|Any CPU = Debug|Any CPU
		Release|Any CPU = Release|Any CPU
	EndGlobalSection
	GlobalSection(ProjectConfigurationPlatforms) = postSolution
		{FC12EA7F-AAC8-48C1-9832-AF21CC278E90}.Debug|Any CPU.ActiveCfg = Debug|Any CPU
		{FC12EA7F-AAC8-48C1-9832-AF21CC278E90}.Debug|Any CPU.Build.0 = Debug|Any CPU
		{FC12EA7F-AAC8-48C1-9832-AF21CC278E90}.Release|Any CPU.ActiveCfg = Release|Any CPU
		{FC12EA7F-AAC8-48C1-9832-AF21CC278E90}.Release|Any CPU.Build.0 = Release|Any CPU
		{791A15E7-9FB5-4C81-960D-81131ABE0F5C}.Debug|Any CPU.ActiveCfg = Debug|Any CPU
		{791A15E7-9FB5-4C81-960D-81131ABE0F5C}.Debug|Any CPU.Build.0 = Debug|Any CPU
		{791A15E7-9FB5-4C81-960D-81131ABE0F5C}.Release|Any CPU.ActiveCfg = Release|Any CPU
		{791A15E7-9FB5-4C81-960D-81131ABE0F5C}.Release|Any CPU.Build.0 = Release|Any CPU
		{3CAD0837-B2F6-4434-9565-04339D11ECC8}.Debug|Any CPU.ActiveCfg = Debug|Any CPU
		{3CAD0837-B2F6-4434-9565-04339D11ECC8}.Debug|Any CPU.Build.0 = Debug|Any CPU
		{3CAD0837-B2F6-4434-9565-04339D11ECC8}.Release|Any CPU.ActiveCfg = Release|Any CPU
		{3CAD0837-B2F6-4434-9565-04339D11ECC8}.Release|Any CPU.Build.0 = Release|Any CPU
		{99D8E740-FA9F-4951-A36D-687120686ADB}.Debug|Any CPU.ActiveCfg = Debug|Any CPU
		{99D8E740-FA9F-4951-A36D-687120686ADB}.Debug|Any CPU.Build.0 = Debug|Any CPU
		{99D8E740-FA9F-4951-A36D-687120686ADB}.Release|Any CPU.ActiveCfg = Release|Any CPU
		{99D8E740-FA9F-4951-A36D-687120686ADB}.Release|Any CPU.Build.0 = Release|Any CPU
		{CD6B9667-8E34-4BF0-A3A0-DF42B38FEE25}.Debug|Any CPU.ActiveCfg = Debug|Any CPU
		{CD6B9667-8E34-4BF0-A3A0-DF42B38FEE25}.Debug|Any CPU.Build.0 = Debug|Any CPU
		{CD6B9667-8E34-4BF0-A3A0-DF42B38FEE25}.Release|Any CPU.ActiveCfg = Release|Any CPU
		{CD6B9667-8E34-4BF0-A3A0-DF42B38FEE25}.Release|Any CPU.Build.0 = Release|Any CPU
	EndGlobalSection
	GlobalSection(SolutionProperties) = preSolution
		HideSolutionNode = FALSE
	EndGlobalSection
	GlobalSection(ExtensibilityGlobals) = postSolution
		SolutionGuid = {8C9BB1A1-2A39-4997-8928-487C6B3BC0DB}
	EndGlobalSection
EndGlobal
